
Microsoft Visual Studio Solution File, Format Version 12.00
# Visual Studio Version 17
VisualStudioVersion = 17.10.34825.169
MinimumVisualStudioVersion = 10.0.40219.1
Project("{2150E333-8FDC-42A3-9474-1A3956D46DE8}") = "src", "src", "{06E84655-9D87-425C-8112-CB0B4D407B31}"
EndProject
Project("{2150E333-8FDC-42A3-9474-1A3956D46DE8}") = "tests", "tests", "{F02DE3EA-8B53-4181-9926-3E6EACE7DD74}"
EndProject
Project("{2150E333-8FDC-42A3-9474-1A3956D46DE8}") = "samples", "samples", "{371CA625-BA79-43F3-B362-2BBBE6E11ED5}"
EndProject
Project("{2150E333-8FDC-42A3-9474-1A3956D46DE8}") = "Solution Items", "Solution Items", "{0F495FC9-FADD-48D1-A7E6-B9CDFFD12566}"
	ProjectSection(SolutionItems) = preProject
		.editorconfig = .editorconfig
		.unitTestGeneratorConfig = .unitTestGeneratorConfig
	EndProjectSection
EndProject
Project("{2150E333-8FDC-42A3-9474-1A3956D46DE8}") = "customers", "customers", "{6E4A1BDD-E283-4CC3-B5E5-A4DB1C7AB406}"
EndProject
Project("{9A19103F-16F7-4668-BE54-9A1E7A4F7556}") = "Habanerio.Samples.Customers.MongoEFCore", "samples\customers\Habanerio.Samples.Customers.MongoEFCore\Habanerio.Samples.Customers.MongoEFCore.csproj", "{CE787ABA-7768-4100-9094-0E9C20052C48}"
EndProject
Project("{9A19103F-16F7-4668-BE54-9A1E7A4F7556}") = "Habanerio.Samples.WebApp", "samples\customers\Habanerio.Samples.Customers.WebApp\Habanerio.Samples.WebApp.csproj", "{8CB8314F-C312-4B76-AFD7-1526466FBD54}"
EndProject
Project("{2150E333-8FDC-42A3-9474-1A3956D46DE8}") = "integration", "integration", "{B0671647-44A6-416F-9528-5276E24B7EB8}"
EndProject
Project("{9A19103F-16F7-4668-BE54-9A1E7A4F7556}") = "Habanerio.Tests.Integration.Core.Dbs.MongoDB.EFCore", "tests\integration\Habanerio.Tests.Integration.Core.Dbs.MongoDB.EFCore\Habanerio.Tests.Integration.Core.Dbs.MongoDB.EFCore.csproj", "{B3D2DC6B-827D-429F-BC51-4B295BAE49A7}"
EndProject
Project("{9A19103F-16F7-4668-BE54-9A1E7A4F7556}") = "Habanerio.Core", "src\Habanerio.Core\Habanerio.Core.csproj", "{9DFCC93A-0DD4-45C2-A140-F6F131B1ED60}"
EndProject
Project("{9A19103F-16F7-4668-BE54-9A1E7A4F7556}") = "Habanerio.Core.Dbs", "src\Habanerio.Core.Dbs\Habanerio.Core.Dbs\Habanerio.Core.Dbs.csproj", "{EFB7E356-33EB-43B2-92A1-820B9E615B6B}"
EndProject
Project("{9A19103F-16F7-4668-BE54-9A1E7A4F7556}") = "Habanerio.Core.DBs.EFCore", "src\Habanerio.Core.Dbs\Habanerio.Core.Dbs.EFCore\Habanerio.Core.DBs.EFCore.csproj", "{EA5B2F34-0604-4EA6-9249-957CB654C5FC}"
EndProject
Project("{9A19103F-16F7-4668-BE54-9A1E7A4F7556}") = "Habanerio.Core.Dbs.MongoDB.EFCore", "src\Habanerio.Core.Dbs\Habanerio.Core.Dbs.MongoDB.EFCore\Habanerio.Core.Dbs.MongoDB.EFCore.csproj", "{DDDFB6F0-4A53-4AE2-97E6-F8D9FA8A07DD}"
EndProject
Project("{2150E333-8FDC-42A3-9474-1A3956D46DE8}") = "unit", "unit", "{8BC7508B-4F2A-4DF9-BC76-F9C6C86B431C}"
EndProject
Project("{FAE04EC0-301F-11D3-BF4B-00C04F79EFBC}") = "Habanerio.Tests.Unit.Core", "tests\unit\Habanerio.Tests.Unit.Core\Habanerio.Tests.Unit.Core.csproj", "{3EBBCF4F-043B-4AAC-8578-847B97AEEEB1}"
EndProject
Global
	GlobalSection(SolutionConfigurationPlatforms) = preSolution
		Debug|Any CPU = Debug|Any CPU
		Release|Any CPU = Release|Any CPU
	EndGlobalSection
	GlobalSection(ProjectConfigurationPlatforms) = postSolution
		{CE787ABA-7768-4100-9094-0E9C20052C48}.Debug|Any CPU.ActiveCfg = Debug|Any CPU
		{CE787ABA-7768-4100-9094-0E9C20052C48}.Debug|Any CPU.Build.0 = Debug|Any CPU
		{CE787ABA-7768-4100-9094-0E9C20052C48}.Release|Any CPU.ActiveCfg = Release|Any CPU
		{CE787ABA-7768-4100-9094-0E9C20052C48}.Release|Any CPU.Build.0 = Release|Any CPU
		{8CB8314F-C312-4B76-AFD7-1526466FBD54}.Debug|Any CPU.ActiveCfg = Debug|Any CPU
		{8CB8314F-C312-4B76-AFD7-1526466FBD54}.Debug|Any CPU.Build.0 = Debug|Any CPU
		{8CB8314F-C312-4B76-AFD7-1526466FBD54}.Release|Any CPU.ActiveCfg = Release|Any CPU
		{8CB8314F-C312-4B76-AFD7-1526466FBD54}.Release|Any CPU.Build.0 = Release|Any CPU
		{B3D2DC6B-827D-429F-BC51-4B295BAE49A7}.Debug|Any CPU.ActiveCfg = Debug|Any CPU
		{B3D2DC6B-827D-429F-BC51-4B295BAE49A7}.Debug|Any CPU.Build.0 = Debug|Any CPU
		{B3D2DC6B-827D-429F-BC51-4B295BAE49A7}.Release|Any CPU.ActiveCfg = Release|Any CPU
		{B3D2DC6B-827D-429F-BC51-4B295BAE49A7}.Release|Any CPU.Build.0 = Release|Any CPU
		{9DFCC93A-0DD4-45C2-A140-F6F131B1ED60}.Debug|Any CPU.ActiveCfg = Debug|Any CPU
		{9DFCC93A-0DD4-45C2-A140-F6F131B1ED60}.Debug|Any CPU.Build.0 = Debug|Any CPU
		{9DFCC93A-0DD4-45C2-A140-F6F131B1ED60}.Release|Any CPU.ActiveCfg = Release|Any CPU
		{9DFCC93A-0DD4-45C2-A140-F6F131B1ED60}.Release|Any CPU.Build.0 = Release|Any CPU
		{EFB7E356-33EB-43B2-92A1-820B9E615B6B}.Debug|Any CPU.ActiveCfg = Debug|Any CPU
		{EFB7E356-33EB-43B2-92A1-820B9E615B6B}.Debug|Any CPU.Build.0 = Debug|Any CPU
		{EFB7E356-33EB-43B2-92A1-820B9E615B6B}.Release|Any CPU.ActiveCfg = Release|Any CPU
		{EFB7E356-33EB-43B2-92A1-820B9E615B6B}.Release|Any CPU.Build.0 = Release|Any CPU
		{EA5B2F34-0604-4EA6-9249-957CB654C5FC}.Debug|Any CPU.ActiveCfg = Debug|Any CPU
		{EA5B2F34-0604-4EA6-9249-957CB654C5FC}.Debug|Any CPU.Build.0 = Debug|Any CPU
		{EA5B2F34-0604-4EA6-9249-957CB654C5FC}.Release|Any CPU.ActiveCfg = Release|Any CPU
		{EA5B2F34-0604-4EA6-9249-957CB654C5FC}.Release|Any CPU.Build.0 = Release|Any CPU
		{DDDFB6F0-4A53-4AE2-97E6-F8D9FA8A07DD}.Debug|Any CPU.ActiveCfg = Debug|Any CPU
		{DDDFB6F0-4A53-4AE2-97E6-F8D9FA8A07DD}.Debug|Any CPU.Build.0 = Debug|Any CPU
		{DDDFB6F0-4A53-4AE2-97E6-F8D9FA8A07DD}.Release|Any CPU.ActiveCfg = Release|Any CPU
		{DDDFB6F0-4A53-4AE2-97E6-F8D9FA8A07DD}.Release|Any CPU.Build.0 = Release|Any CPU
		{3EBBCF4F-043B-4AAC-8578-847B97AEEEB1}.Debug|Any CPU.ActiveCfg = Debug|Any CPU
		{3EBBCF4F-043B-4AAC-8578-847B97AEEEB1}.Debug|Any CPU.Build.0 = Debug|Any CPU
		{3EBBCF4F-043B-4AAC-8578-847B97AEEEB1}.Release|Any CPU.ActiveCfg = Release|Any CPU
		{3EBBCF4F-043B-4AAC-8578-847B97AEEEB1}.Release|Any CPU.Build.0 = Release|Any CPU
	EndGlobalSection
	GlobalSection(SolutionProperties) = preSolution
		HideSolutionNode = FALSE
	EndGlobalSection
	GlobalSection(NestedProjects) = preSolution
		{6E4A1BDD-E283-4CC3-B5E5-A4DB1C7AB406} = {371CA625-BA79-43F3-B362-2BBBE6E11ED5}
		{CE787ABA-7768-4100-9094-0E9C20052C48} = {6E4A1BDD-E283-4CC3-B5E5-A4DB1C7AB406}
		{8CB8314F-C312-4B76-AFD7-1526466FBD54} = {6E4A1BDD-E283-4CC3-B5E5-A4DB1C7AB406}
		{B0671647-44A6-416F-9528-5276E24B7EB8} = {F02DE3EA-8B53-4181-9926-3E6EACE7DD74}
		{B3D2DC6B-827D-429F-BC51-4B295BAE49A7} = {B0671647-44A6-416F-9528-5276E24B7EB8}
		{9DFCC93A-0DD4-45C2-A140-F6F131B1ED60} = {06E84655-9D87-425C-8112-CB0B4D407B31}
		{EFB7E356-33EB-43B2-92A1-820B9E615B6B} = {06E84655-9D87-425C-8112-CB0B4D407B31}
		{EA5B2F34-0604-4EA6-9249-957CB654C5FC} = {06E84655-9D87-425C-8112-CB0B4D407B31}
		{DDDFB6F0-4A53-4AE2-97E6-F8D9FA8A07DD} = {06E84655-9D87-425C-8112-CB0B4D407B31}
		{8BC7508B-4F2A-4DF9-BC76-F9C6C86B431C} = {F02DE3EA-8B53-4181-9926-3E6EACE7DD74}
		{3EBBCF4F-043B-4AAC-8578-847B97AEEEB1} = {8BC7508B-4F2A-4DF9-BC76-F9C6C86B431C}
	EndGlobalSection
	GlobalSection(ExtensibilityGlobals) = postSolution
		SolutionGuid = {9A824DEA-C71A-4EA2-8F2D-27F4845FB350}
	EndGlobalSection
EndGlobal
