
Microsoft Visual Studio Solution File, Format Version 12.00
# Visual Studio Version 17
VisualStudioVersion = 17.10.34825.169
MinimumVisualStudioVersion = 10.0.40219.1
Project("{2150E333-8FDC-42A3-9474-1A3956D46DE8}") = "src", "src", "{06E84655-9D87-425C-8112-CB0B4D407B31}"
EndProject
Project("{2150E333-8FDC-42A3-9474-1A3956D46DE8}") = "tests", "tests", "{F02DE3EA-8B53-4181-9926-3E6EACE7DD74}"
EndProject
Project("{2150E333-8FDC-42A3-9474-1A3956D46DE8}") = "samples", "samples", "{371CA625-BA79-43F3-B362-2BBBE6E11ED5}"
EndProject
Project("{2150E333-8FDC-42A3-9474-1A3956D46DE8}") = "Solution Items", "Solution Items", "{0F495FC9-FADD-48D1-A7E6-B9CDFFD12566}"
	ProjectSection(SolutionItems) = preProject
		.editorconfig = .editorconfig
		.unitTestGeneratorConfig = .unitTestGeneratorConfig
	EndProjectSection
EndProject
Project("{2150E333-8FDC-42A3-9474-1A3956D46DE8}") = "dbs", "dbs", "{8F158DD7-2F32-40BA-8F27-D475454C5A94}"
EndProject
Project("{2150E333-8FDC-42A3-9474-1A3956D46DE8}") = "core", "core", "{D2383E46-8575-426C-8002-B58870853E78}"
EndProject
Project("{9A19103F-16F7-4668-BE54-9A1E7A4F7556}") = "Habanerio.Core.Dbs", "src\core\dbs\Habanerio.Core.Dbs\Habanerio.Core.Dbs.csproj", "{E3001625-EED6-41CE-9252-8BC46ECB1976}"
EndProject
Project("{9A19103F-16F7-4668-BE54-9A1E7A4F7556}") = "Habanerio.Core.Dbs.MongoDB.EFCore", "src\core\dbs\Habanerio.Core.Dbs.MongoDB.EFCore\Habanerio.Core.Dbs.MongoDB.EFCore.csproj", "{B5923F2D-67BE-4C30-BC7B-451413CC2EFD}"
EndProject
Project("{9A19103F-16F7-4668-BE54-9A1E7A4F7556}") = "Habanerio.Core.DBs.EFCore", "src\core\dbs\Habanerio.Core.Dbs.EFCore\Habanerio.Core.DBs.EFCore.csproj", "{F49A55C3-82D8-4CC7-8921-50E060E9E240}"
EndProject
Project("{2150E333-8FDC-42A3-9474-1A3956D46DE8}") = "customers", "customers", "{6E4A1BDD-E283-4CC3-B5E5-A4DB1C7AB406}"
EndProject
Project("{9A19103F-16F7-4668-BE54-9A1E7A4F7556}") = "Habanerio.Samples.Customers.MongoEFCore", "samples\customers\Habanerio.Samples.Customers.MongoEFCore\Habanerio.Samples.Customers.MongoEFCore.csproj", "{CE787ABA-7768-4100-9094-0E9C20052C48}"
EndProject
Project("{9A19103F-16F7-4668-BE54-9A1E7A4F7556}") = "Habanerio.Samples.WebApp", "samples\customers\Habanerio.Samples.Customers.WebApp\Habanerio.Samples.WebApp.csproj", "{8CB8314F-C312-4B76-AFD7-1526466FBD54}"
EndProject
Project("{2150E333-8FDC-42A3-9474-1A3956D46DE8}") = "integration", "integration", "{B0671647-44A6-416F-9528-5276E24B7EB8}"
EndProject
Project("{9A19103F-16F7-4668-BE54-9A1E7A4F7556}") = "Habanerio.Tests.Integration.Core.Dbs.MongoDB.EFCore", "tests\integration\Habanerio.Tests.Integration.Core.Dbs.MongoDB.EFCore\Habanerio.Tests.Integration.Core.Dbs.MongoDB.EFCore.csproj", "{B3D2DC6B-827D-429F-BC51-4B295BAE49A7}"
EndProject
Project("{FAE04EC0-301F-11D3-BF4B-00C04F79EFBC}") = "Habanerio.Core", "src\core\Habanerio.Core\Habanerio.Core.csproj", "{F4B4B47A-BE74-4297-B3FE-8C7982A6944C}"
EndProject
Global
	GlobalSection(SolutionConfigurationPlatforms) = preSolution
		Debug|Any CPU = Debug|Any CPU
		Release|Any CPU = Release|Any CPU
	EndGlobalSection
	GlobalSection(ProjectConfigurationPlatforms) = postSolution
		{E3001625-EED6-41CE-9252-8BC46ECB1976}.Debug|Any CPU.ActiveCfg = Debug|Any CPU
		{E3001625-EED6-41CE-9252-8BC46ECB1976}.Debug|Any CPU.Build.0 = Debug|Any CPU
		{E3001625-EED6-41CE-9252-8BC46ECB1976}.Release|Any CPU.ActiveCfg = Release|Any CPU
		{E3001625-EED6-41CE-9252-8BC46ECB1976}.Release|Any CPU.Build.0 = Release|Any CPU
		{B5923F2D-67BE-4C30-BC7B-451413CC2EFD}.Debug|Any CPU.ActiveCfg = Debug|Any CPU
		{B5923F2D-67BE-4C30-BC7B-451413CC2EFD}.Debug|Any CPU.Build.0 = Debug|Any CPU
		{B5923F2D-67BE-4C30-BC7B-451413CC2EFD}.Release|Any CPU.ActiveCfg = Release|Any CPU
		{B5923F2D-67BE-4C30-BC7B-451413CC2EFD}.Release|Any CPU.Build.0 = Release|Any CPU
		{F49A55C3-82D8-4CC7-8921-50E060E9E240}.Debug|Any CPU.ActiveCfg = Debug|Any CPU
		{F49A55C3-82D8-4CC7-8921-50E060E9E240}.Debug|Any CPU.Build.0 = Debug|Any CPU
		{F49A55C3-82D8-4CC7-8921-50E060E9E240}.Release|Any CPU.ActiveCfg = Release|Any CPU
		{F49A55C3-82D8-4CC7-8921-50E060E9E240}.Release|Any CPU.Build.0 = Release|Any CPU
		{CE787ABA-7768-4100-9094-0E9C20052C48}.Debug|Any CPU.ActiveCfg = Debug|Any CPU
		{CE787ABA-7768-4100-9094-0E9C20052C48}.Debug|Any CPU.Build.0 = Debug|Any CPU
		{CE787ABA-7768-4100-9094-0E9C20052C48}.Release|Any CPU.ActiveCfg = Release|Any CPU
		{CE787ABA-7768-4100-9094-0E9C20052C48}.Release|Any CPU.Build.0 = Release|Any CPU
		{8CB8314F-C312-4B76-AFD7-1526466FBD54}.Debug|Any CPU.ActiveCfg = Debug|Any CPU
		{8CB8314F-C312-4B76-AFD7-1526466FBD54}.Debug|Any CPU.Build.0 = Debug|Any CPU
		{8CB8314F-C312-4B76-AFD7-1526466FBD54}.Release|Any CPU.ActiveCfg = Release|Any CPU
		{8CB8314F-C312-4B76-AFD7-1526466FBD54}.Release|Any CPU.Build.0 = Release|Any CPU
		{B3D2DC6B-827D-429F-BC51-4B295BAE49A7}.Debug|Any CPU.ActiveCfg = Debug|Any CPU
		{B3D2DC6B-827D-429F-BC51-4B295BAE49A7}.Debug|Any CPU.Build.0 = Debug|Any CPU
		{B3D2DC6B-827D-429F-BC51-4B295BAE49A7}.Release|Any CPU.ActiveCfg = Release|Any CPU
		{B3D2DC6B-827D-429F-BC51-4B295BAE49A7}.Release|Any CPU.Build.0 = Release|Any CPU
		{F4B4B47A-BE74-4297-B3FE-8C7982A6944C}.Debug|Any CPU.ActiveCfg = Debug|Any CPU
		{F4B4B47A-BE74-4297-B3FE-8C7982A6944C}.Debug|Any CPU.Build.0 = Debug|Any CPU
		{F4B4B47A-BE74-4297-B3FE-8C7982A6944C}.Release|Any CPU.ActiveCfg = Release|Any CPU
		{F4B4B47A-BE74-4297-B3FE-8C7982A6944C}.Release|Any CPU.Build.0 = Release|Any CPU
	EndGlobalSection
	GlobalSection(SolutionProperties) = preSolution
		HideSolutionNode = FALSE
	EndGlobalSection
	GlobalSection(NestedProjects) = preSolution
		{8F158DD7-2F32-40BA-8F27-D475454C5A94} = {D2383E46-8575-426C-8002-B58870853E78}
		{D2383E46-8575-426C-8002-B58870853E78} = {06E84655-9D87-425C-8112-CB0B4D407B31}
		{E3001625-EED6-41CE-9252-8BC46ECB1976} = {8F158DD7-2F32-40BA-8F27-D475454C5A94}
		{B5923F2D-67BE-4C30-BC7B-451413CC2EFD} = {8F158DD7-2F32-40BA-8F27-D475454C5A94}
		{F49A55C3-82D8-4CC7-8921-50E060E9E240} = {8F158DD7-2F32-40BA-8F27-D475454C5A94}
		{6E4A1BDD-E283-4CC3-B5E5-A4DB1C7AB406} = {371CA625-BA79-43F3-B362-2BBBE6E11ED5}
		{CE787ABA-7768-4100-9094-0E9C20052C48} = {6E4A1BDD-E283-4CC3-B5E5-A4DB1C7AB406}
		{8CB8314F-C312-4B76-AFD7-1526466FBD54} = {6E4A1BDD-E283-4CC3-B5E5-A4DB1C7AB406}
		{B0671647-44A6-416F-9528-5276E24B7EB8} = {F02DE3EA-8B53-4181-9926-3E6EACE7DD74}
		{B3D2DC6B-827D-429F-BC51-4B295BAE49A7} = {B0671647-44A6-416F-9528-5276E24B7EB8}
		{F4B4B47A-BE74-4297-B3FE-8C7982A6944C} = {8F158DD7-2F32-40BA-8F27-D475454C5A94}
	EndGlobalSection
	GlobalSection(ExtensibilityGlobals) = postSolution
		SolutionGuid = {9A824DEA-C71A-4EA2-8F2D-27F4845FB350}
	EndGlobalSection
EndGlobal
